
Microsoft Visual Studio Solution File, Format Version 12.00
# Visual Studio Version 16
VisualStudioVersion = 16.0.30907.101
MinimumVisualStudioVersion = 10.0.40219.1
Project("{888888A0-9F3D-457C-B088-3A5042F75D52}") = "WebProject", "WebProject.pyproj", "{D25AEA4F-5577-4764-81EF-7C5077B7E725}"
EndProject
Global
	GlobalSection(SolutionConfigurationPlatforms) = preSolution
		Debug|Any CPU = Debug|Any CPU
		Release|Any CPU = Release|Any CPU
	EndGlobalSection
	GlobalSection(ProjectConfigurationPlatforms) = postSolution
		{D25AEA4F-5577-4764-81EF-7C5077B7E725}.Debug|Any CPU.ActiveCfg = Debug|Any CPU
		{D25AEA4F-5577-4764-81EF-7C5077B7E725}.Debug|Any CPU.Build.0 = Debug|Any CPU
		{D25AEA4F-5577-4764-81EF-7C5077B7E725}.Release|Any CPU.ActiveCfg = Release|Any CPU
		{D25AEA4F-5577-4764-81EF-7C5077B7E725}.Release|Any CPU.Build.0 = Release|Any CPU
	EndGlobalSection
	GlobalSection(SolutionProperties) = preSolution
		HideSolutionNode = FALSE
	EndGlobalSection
	GlobalSection(ExtensibilityGlobals) = postSolution
		SolutionGuid = {B0EA26BC-8859-4F45-AA0C-983480508DAB}
	EndGlobalSection
EndGlobal
